
Microsoft Visual Studio Solution File, Format Version 12.00
# Visual Studio Version 17
VisualStudioVersion = 17.12.35506.116 d17.12
MinimumVisualStudioVersion = 10.0.40219.1
Project("{FAE04EC0-301F-11D3-BF4B-00C04F79EFBC}") = "9-dars", "9-dars\9-dars.csproj", "{F908ADC1-8C7E-4DA3-A762-E2A5B6FB537E}"
EndProject
Global
	GlobalSection(SolutionConfigurationPlatforms) = preSolution
		Debug|Any CPU = Debug|Any CPU
		Release|Any CPU = Release|Any CPU
	EndGlobalSection
	GlobalSection(ProjectConfigurationPlatforms) = postSolution
		{F908ADC1-8C7E-4DA3-A762-E2A5B6FB537E}.Debug|Any CPU.ActiveCfg = Debug|Any CPU
		{F908ADC1-8C7E-4DA3-A762-E2A5B6FB537E}.Debug|Any CPU.Build.0 = Debug|Any CPU
		{F908ADC1-8C7E-4DA3-A762-E2A5B6FB537E}.Release|Any CPU.ActiveCfg = Release|Any CPU
		{F908ADC1-8C7E-4DA3-A762-E2A5B6FB537E}.Release|Any CPU.Build.0 = Release|Any CPU
	EndGlobalSection
	GlobalSection(SolutionProperties) = preSolution
		HideSolutionNode = FALSE
	EndGlobalSection
EndGlobal
